
Microsoft Visual Studio Solution File, Format Version 12.00
# Visual Studio 15
VisualStudioVersion = 15.0.26228.4
MinimumVisualStudioVersion = 10.0.40219.1
Project("{2150E333-8FDC-42A3-9474-1A3956D46DE8}") = "Services", "Services", "{4106C422-C651-4A29-8493-1D95BB5B8A97}"
EndProject
Project("{2150E333-8FDC-42A3-9474-1A3956D46DE8}") = "Web", "Web", "{710CF600-A28B-4A8B-8CE2-D19D7DF23788}"
EndProject
Project("{2150E333-8FDC-42A3-9474-1A3956D46DE8}") = "Mobile", "Mobile", "{395999F0-F531-48B4-8DE1-E10618CE8E69}"
EndProject
Project("{FAE04EC0-301F-11D3-BF4B-00C04F79EFBC}") = "Api", "Services\Api\Api.csproj", "{ABF74A60-42BC-4709-8D55-B19027A56EB1}"
EndProject
Project("{FAE04EC0-301F-11D3-BF4B-00C04F79EFBC}") = "Portal", "Web\Portal\Portal.csproj", "{8C8C7810-DC44-4ED2-BB5A-EFD793291777}"
EndProject
Project("{2150E333-8FDC-42A3-9474-1A3956D46DE8}") = "Core", "Core", "{ACC1C4B6-3A4B-4E76-9F35-961EF12ABA57}"
EndProject
Project("{FAE04EC0-301F-11D3-BF4B-00C04F79EFBC}") = "Data", "Core\Data\Data.csproj", "{460AB039-6265-4FDC-B03A-5F9C9ADA7A66}"
EndProject
Project("{FAE04EC0-301F-11D3-BF4B-00C04F79EFBC}") = "Security", "Core\Security\Security.csproj", "{4D489482-8BED-4A4D-8F7F-24B74F9358BE}"
EndProject
Project("{FAE04EC0-301F-11D3-BF4B-00C04F79EFBC}") = "Helpers", "Core\Helpers\Helpers.csproj", "{AE485A09-54BE-41DF-897E-68B74DB6BEF3}"
EndProject
Project("{FAE04EC0-301F-11D3-BF4B-00C04F79EFBC}") = "Business", "Core\Business\Business.csproj", "{A640C192-8155-4BCB-A38F-3D340847DAA6}"
EndProject
Global
	GlobalSection(SolutionConfigurationPlatforms) = preSolution
		Debug|Any CPU = Debug|Any CPU
		Debug|ARM = Debug|ARM
		Debug|x64 = Debug|x64
		Debug|x86 = Debug|x86
		Release|Any CPU = Release|Any CPU
		Release|ARM = Release|ARM
		Release|x64 = Release|x64
		Release|x86 = Release|x86
	EndGlobalSection
	GlobalSection(ProjectConfigurationPlatforms) = postSolution
		{ABF74A60-42BC-4709-8D55-B19027A56EB1}.Debug|Any CPU.ActiveCfg = Debug|Any CPU
		{ABF74A60-42BC-4709-8D55-B19027A56EB1}.Debug|Any CPU.Build.0 = Debug|Any CPU
		{ABF74A60-42BC-4709-8D55-B19027A56EB1}.Debug|ARM.ActiveCfg = Debug|Any CPU
		{ABF74A60-42BC-4709-8D55-B19027A56EB1}.Debug|ARM.Build.0 = Debug|Any CPU
		{ABF74A60-42BC-4709-8D55-B19027A56EB1}.Debug|x64.ActiveCfg = Debug|Any CPU
		{ABF74A60-42BC-4709-8D55-B19027A56EB1}.Debug|x64.Build.0 = Debug|Any CPU
		{ABF74A60-42BC-4709-8D55-B19027A56EB1}.Debug|x86.ActiveCfg = Debug|Any CPU
		{ABF74A60-42BC-4709-8D55-B19027A56EB1}.Debug|x86.Build.0 = Debug|Any CPU
		{ABF74A60-42BC-4709-8D55-B19027A56EB1}.Release|Any CPU.ActiveCfg = Release|Any CPU
		{ABF74A60-42BC-4709-8D55-B19027A56EB1}.Release|Any CPU.Build.0 = Release|Any CPU
		{ABF74A60-42BC-4709-8D55-B19027A56EB1}.Release|ARM.ActiveCfg = Release|Any CPU
		{ABF74A60-42BC-4709-8D55-B19027A56EB1}.Release|ARM.Build.0 = Release|Any CPU
		{ABF74A60-42BC-4709-8D55-B19027A56EB1}.Release|x64.ActiveCfg = Release|Any CPU
		{ABF74A60-42BC-4709-8D55-B19027A56EB1}.Release|x64.Build.0 = Release|Any CPU
		{ABF74A60-42BC-4709-8D55-B19027A56EB1}.Release|x86.ActiveCfg = Release|Any CPU
		{ABF74A60-42BC-4709-8D55-B19027A56EB1}.Release|x86.Build.0 = Release|Any CPU
		{8C8C7810-DC44-4ED2-BB5A-EFD793291777}.Debug|Any CPU.ActiveCfg = Debug|Any CPU
		{8C8C7810-DC44-4ED2-BB5A-EFD793291777}.Debug|Any CPU.Build.0 = Debug|Any CPU
		{8C8C7810-DC44-4ED2-BB5A-EFD793291777}.Debug|ARM.ActiveCfg = Debug|Any CPU
		{8C8C7810-DC44-4ED2-BB5A-EFD793291777}.Debug|ARM.Build.0 = Debug|Any CPU
		{8C8C7810-DC44-4ED2-BB5A-EFD793291777}.Debug|x64.ActiveCfg = Debug|Any CPU
		{8C8C7810-DC44-4ED2-BB5A-EFD793291777}.Debug|x64.Build.0 = Debug|Any CPU
		{8C8C7810-DC44-4ED2-BB5A-EFD793291777}.Debug|x86.ActiveCfg = Debug|Any CPU
		{8C8C7810-DC44-4ED2-BB5A-EFD793291777}.Debug|x86.Build.0 = Debug|Any CPU
		{8C8C7810-DC44-4ED2-BB5A-EFD793291777}.Release|Any CPU.ActiveCfg = Release|Any CPU
		{8C8C7810-DC44-4ED2-BB5A-EFD793291777}.Release|Any CPU.Build.0 = Release|Any CPU
		{8C8C7810-DC44-4ED2-BB5A-EFD793291777}.Release|ARM.ActiveCfg = Release|Any CPU
		{8C8C7810-DC44-4ED2-BB5A-EFD793291777}.Release|ARM.Build.0 = Release|Any CPU
		{8C8C7810-DC44-4ED2-BB5A-EFD793291777}.Release|x64.ActiveCfg = Release|Any CPU
		{8C8C7810-DC44-4ED2-BB5A-EFD793291777}.Release|x64.Build.0 = Release|Any CPU
		{8C8C7810-DC44-4ED2-BB5A-EFD793291777}.Release|x86.ActiveCfg = Release|Any CPU
		{8C8C7810-DC44-4ED2-BB5A-EFD793291777}.Release|x86.Build.0 = Release|Any CPU
		{460AB039-6265-4FDC-B03A-5F9C9ADA7A66}.Debug|Any CPU.ActiveCfg = Debug|Any CPU
		{460AB039-6265-4FDC-B03A-5F9C9ADA7A66}.Debug|Any CPU.Build.0 = Debug|Any CPU
		{460AB039-6265-4FDC-B03A-5F9C9ADA7A66}.Debug|ARM.ActiveCfg = Debug|Any CPU
		{460AB039-6265-4FDC-B03A-5F9C9ADA7A66}.Debug|ARM.Build.0 = Debug|Any CPU
		{460AB039-6265-4FDC-B03A-5F9C9ADA7A66}.Debug|x64.ActiveCfg = Debug|Any CPU
		{460AB039-6265-4FDC-B03A-5F9C9ADA7A66}.Debug|x64.Build.0 = Debug|Any CPU
		{460AB039-6265-4FDC-B03A-5F9C9ADA7A66}.Debug|x86.ActiveCfg = Debug|Any CPU
		{460AB039-6265-4FDC-B03A-5F9C9ADA7A66}.Debug|x86.Build.0 = Debug|Any CPU
		{460AB039-6265-4FDC-B03A-5F9C9ADA7A66}.Release|Any CPU.ActiveCfg = Release|Any CPU
		{460AB039-6265-4FDC-B03A-5F9C9ADA7A66}.Release|Any CPU.Build.0 = Release|Any CPU
		{460AB039-6265-4FDC-B03A-5F9C9ADA7A66}.Release|ARM.ActiveCfg = Release|Any CPU
		{460AB039-6265-4FDC-B03A-5F9C9ADA7A66}.Release|ARM.Build.0 = Release|Any CPU
		{460AB039-6265-4FDC-B03A-5F9C9ADA7A66}.Release|x64.ActiveCfg = Release|Any CPU
		{460AB039-6265-4FDC-B03A-5F9C9ADA7A66}.Release|x64.Build.0 = Release|Any CPU
		{460AB039-6265-4FDC-B03A-5F9C9ADA7A66}.Release|x86.ActiveCfg = Release|Any CPU
		{460AB039-6265-4FDC-B03A-5F9C9ADA7A66}.Release|x86.Build.0 = Release|Any CPU
		{4D489482-8BED-4A4D-8F7F-24B74F9358BE}.Debug|Any CPU.ActiveCfg = Debug|Any CPU
		{4D489482-8BED-4A4D-8F7F-24B74F9358BE}.Debug|Any CPU.Build.0 = Debug|Any CPU
		{4D489482-8BED-4A4D-8F7F-24B74F9358BE}.Debug|ARM.ActiveCfg = Debug|Any CPU
		{4D489482-8BED-4A4D-8F7F-24B74F9358BE}.Debug|ARM.Build.0 = Debug|Any CPU
		{4D489482-8BED-4A4D-8F7F-24B74F9358BE}.Debug|x64.ActiveCfg = Debug|Any CPU
		{4D489482-8BED-4A4D-8F7F-24B74F9358BE}.Debug|x64.Build.0 = Debug|Any CPU
		{4D489482-8BED-4A4D-8F7F-24B74F9358BE}.Debug|x86.ActiveCfg = Debug|Any CPU
		{4D489482-8BED-4A4D-8F7F-24B74F9358BE}.Debug|x86.Build.0 = Debug|Any CPU
		{4D489482-8BED-4A4D-8F7F-24B74F9358BE}.Release|Any CPU.ActiveCfg = Release|Any CPU
		{4D489482-8BED-4A4D-8F7F-24B74F9358BE}.Release|Any CPU.Build.0 = Release|Any CPU
		{4D489482-8BED-4A4D-8F7F-24B74F9358BE}.Release|ARM.ActiveCfg = Release|Any CPU
		{4D489482-8BED-4A4D-8F7F-24B74F9358BE}.Release|ARM.Build.0 = Release|Any CPU
		{4D489482-8BED-4A4D-8F7F-24B74F9358BE}.Release|x64.ActiveCfg = Release|Any CPU
		{4D489482-8BED-4A4D-8F7F-24B74F9358BE}.Release|x64.Build.0 = Release|Any CPU
		{4D489482-8BED-4A4D-8F7F-24B74F9358BE}.Release|x86.ActiveCfg = Release|Any CPU
		{4D489482-8BED-4A4D-8F7F-24B74F9358BE}.Release|x86.Build.0 = Release|Any CPU
		{AE485A09-54BE-41DF-897E-68B74DB6BEF3}.Debug|Any CPU.ActiveCfg = Debug|Any CPU
		{AE485A09-54BE-41DF-897E-68B74DB6BEF3}.Debug|Any CPU.Build.0 = Debug|Any CPU
		{AE485A09-54BE-41DF-897E-68B74DB6BEF3}.Debug|ARM.ActiveCfg = Debug|Any CPU
		{AE485A09-54BE-41DF-897E-68B74DB6BEF3}.Debug|ARM.Build.0 = Debug|Any CPU
		{AE485A09-54BE-41DF-897E-68B74DB6BEF3}.Debug|x64.ActiveCfg = Debug|Any CPU
		{AE485A09-54BE-41DF-897E-68B74DB6BEF3}.Debug|x64.Build.0 = Debug|Any CPU
		{AE485A09-54BE-41DF-897E-68B74DB6BEF3}.Debug|x86.ActiveCfg = Debug|Any CPU
		{AE485A09-54BE-41DF-897E-68B74DB6BEF3}.Debug|x86.Build.0 = Debug|Any CPU
		{AE485A09-54BE-41DF-897E-68B74DB6BEF3}.Release|Any CPU.ActiveCfg = Release|Any CPU
		{AE485A09-54BE-41DF-897E-68B74DB6BEF3}.Release|Any CPU.Build.0 = Release|Any CPU
		{AE485A09-54BE-41DF-897E-68B74DB6BEF3}.Release|ARM.ActiveCfg = Release|Any CPU
		{AE485A09-54BE-41DF-897E-68B74DB6BEF3}.Release|ARM.Build.0 = Release|Any CPU
		{AE485A09-54BE-41DF-897E-68B74DB6BEF3}.Release|x64.ActiveCfg = Release|Any CPU
		{AE485A09-54BE-41DF-897E-68B74DB6BEF3}.Release|x64.Build.0 = Release|Any CPU
		{AE485A09-54BE-41DF-897E-68B74DB6BEF3}.Release|x86.ActiveCfg = Release|Any CPU
		{AE485A09-54BE-41DF-897E-68B74DB6BEF3}.Release|x86.Build.0 = Release|Any CPU
		{A640C192-8155-4BCB-A38F-3D340847DAA6}.Debug|Any CPU.ActiveCfg = Debug|Any CPU
		{A640C192-8155-4BCB-A38F-3D340847DAA6}.Debug|Any CPU.Build.0 = Debug|Any CPU
		{A640C192-8155-4BCB-A38F-3D340847DAA6}.Debug|ARM.ActiveCfg = Debug|Any CPU
		{A640C192-8155-4BCB-A38F-3D340847DAA6}.Debug|ARM.Build.0 = Debug|Any CPU
		{A640C192-8155-4BCB-A38F-3D340847DAA6}.Debug|x64.ActiveCfg = Debug|Any CPU
		{A640C192-8155-4BCB-A38F-3D340847DAA6}.Debug|x64.Build.0 = Debug|Any CPU
		{A640C192-8155-4BCB-A38F-3D340847DAA6}.Debug|x86.ActiveCfg = Debug|Any CPU
		{A640C192-8155-4BCB-A38F-3D340847DAA6}.Debug|x86.Build.0 = Debug|Any CPU
		{A640C192-8155-4BCB-A38F-3D340847DAA6}.Release|Any CPU.ActiveCfg = Release|Any CPU
		{A640C192-8155-4BCB-A38F-3D340847DAA6}.Release|Any CPU.Build.0 = Release|Any CPU
		{A640C192-8155-4BCB-A38F-3D340847DAA6}.Release|ARM.ActiveCfg = Release|Any CPU
		{A640C192-8155-4BCB-A38F-3D340847DAA6}.Release|ARM.Build.0 = Release|Any CPU
		{A640C192-8155-4BCB-A38F-3D340847DAA6}.Release|x64.ActiveCfg = Release|Any CPU
		{A640C192-8155-4BCB-A38F-3D340847DAA6}.Release|x64.Build.0 = Release|Any CPU
		{A640C192-8155-4BCB-A38F-3D340847DAA6}.Release|x86.ActiveCfg = Release|Any CPU
		{A640C192-8155-4BCB-A38F-3D340847DAA6}.Release|x86.Build.0 = Release|Any CPU
	EndGlobalSection
	GlobalSection(SolutionProperties) = preSolution
		HideSolutionNode = FALSE
	EndGlobalSection
	GlobalSection(NestedProjects) = preSolution
		{ABF74A60-42BC-4709-8D55-B19027A56EB1} = {4106C422-C651-4A29-8493-1D95BB5B8A97}
		{8C8C7810-DC44-4ED2-BB5A-EFD793291777} = {710CF600-A28B-4A8B-8CE2-D19D7DF23788}
		{460AB039-6265-4FDC-B03A-5F9C9ADA7A66} = {ACC1C4B6-3A4B-4E76-9F35-961EF12ABA57}
		{4D489482-8BED-4A4D-8F7F-24B74F9358BE} = {ACC1C4B6-3A4B-4E76-9F35-961EF12ABA57}
		{AE485A09-54BE-41DF-897E-68B74DB6BEF3} = {ACC1C4B6-3A4B-4E76-9F35-961EF12ABA57}
		{A640C192-8155-4BCB-A38F-3D340847DAA6} = {ACC1C4B6-3A4B-4E76-9F35-961EF12ABA57}
	EndGlobalSection
EndGlobal
