
Microsoft Visual Studio Solution File, Format Version 12.00
# Visual Studio 15
VisualStudioVersion = 15.0.26228.9
MinimumVisualStudioVersion = 10.0.40219.1
Project("{2150E333-8FDC-42A3-9474-1A3956D46DE8}") = "Services", "Services", "{4106C422-C651-4A29-8493-1D95BB5B8A97}"
EndProject
Project("{2150E333-8FDC-42A3-9474-1A3956D46DE8}") = "Web", "Web", "{710CF600-A28B-4A8B-8CE2-D19D7DF23788}"
EndProject
Project("{2150E333-8FDC-42A3-9474-1A3956D46DE8}") = "Mobile", "Mobile", "{395999F0-F531-48B4-8DE1-E10618CE8E69}"
EndProject
Project("{FAE04EC0-301F-11D3-BF4B-00C04F79EFBC}") = "Api", "Services\Api\Api.csproj", "{ABF74A60-42BC-4709-8D55-B19027A56EB1}"
EndProject
Project("{FAE04EC0-301F-11D3-BF4B-00C04F79EFBC}") = "Portal", "Web\Portal\Portal.csproj", "{8C8C7810-DC44-4ED2-BB5A-EFD793291777}"
EndProject
Project("{2150E333-8FDC-42A3-9474-1A3956D46DE8}") = "Core", "Core", "{ACC1C4B6-3A4B-4E76-9F35-961EF12ABA57}"
EndProject
Project("{FAE04EC0-301F-11D3-BF4B-00C04F79EFBC}") = "Data", "Core\Data\Data.csproj", "{460AB039-6265-4FDC-B03A-5F9C9ADA7A66}"
EndProject
Project("{FAE04EC0-301F-11D3-BF4B-00C04F79EFBC}") = "Security", "Core\Security\Security.csproj", "{4D489482-8BED-4A4D-8F7F-24B74F9358BE}"
EndProject
Project("{FAE04EC0-301F-11D3-BF4B-00C04F79EFBC}") = "Helpers", "Core\Helpers\Helpers.csproj", "{AE485A09-54BE-41DF-897E-68B74DB6BEF3}"
EndProject
Project("{FAE04EC0-301F-11D3-BF4B-00C04F79EFBC}") = "Business", "Core\Business\Business.csproj", "{A640C192-8155-4BCB-A38F-3D340847DAA6}"
EndProject
Project("{FAE04EC0-301F-11D3-BF4B-00C04F79EFBC}") = "DinoNotes.Android", "Mobile\DinoNotes\DinoNotes.Android\DinoNotes.Android.csproj", "{CC8C131D-EB73-4B40-8611-B8A6FB78C492}"
EndProject
Project("{FAE04EC0-301F-11D3-BF4B-00C04F79EFBC}") = "DinoNotes", "Mobile\DinoNotes\DinoNotes\DinoNotes.csproj", "{F59EEF4B-C4BE-461A-AF74-379AF44A164C}"
EndProject
Global
	GlobalSection(SolutionConfigurationPlatforms) = preSolution
		Ad-Hoc|Any CPU = Ad-Hoc|Any CPU
		Ad-Hoc|ARM = Ad-Hoc|ARM
		Ad-Hoc|iPhone = Ad-Hoc|iPhone
		Ad-Hoc|iPhoneSimulator = Ad-Hoc|iPhoneSimulator
		Ad-Hoc|x64 = Ad-Hoc|x64
		Ad-Hoc|x86 = Ad-Hoc|x86
		AppStore|Any CPU = AppStore|Any CPU
		AppStore|ARM = AppStore|ARM
		AppStore|iPhone = AppStore|iPhone
		AppStore|iPhoneSimulator = AppStore|iPhoneSimulator
		AppStore|x64 = AppStore|x64
		AppStore|x86 = AppStore|x86
		Debug|Any CPU = Debug|Any CPU
		Debug|ARM = Debug|ARM
		Debug|iPhone = Debug|iPhone
		Debug|iPhoneSimulator = Debug|iPhoneSimulator
		Debug|x64 = Debug|x64
		Debug|x86 = Debug|x86
		Release|Any CPU = Release|Any CPU
		Release|ARM = Release|ARM
		Release|iPhone = Release|iPhone
		Release|iPhoneSimulator = Release|iPhoneSimulator
		Release|x64 = Release|x64
		Release|x86 = Release|x86
	EndGlobalSection
	GlobalSection(ProjectConfigurationPlatforms) = postSolution
		{ABF74A60-42BC-4709-8D55-B19027A56EB1}.Ad-Hoc|Any CPU.ActiveCfg = Release|Any CPU
		{ABF74A60-42BC-4709-8D55-B19027A56EB1}.Ad-Hoc|Any CPU.Build.0 = Release|Any CPU
		{ABF74A60-42BC-4709-8D55-B19027A56EB1}.Ad-Hoc|ARM.ActiveCfg = Release|Any CPU
		{ABF74A60-42BC-4709-8D55-B19027A56EB1}.Ad-Hoc|ARM.Build.0 = Release|Any CPU
		{ABF74A60-42BC-4709-8D55-B19027A56EB1}.Ad-Hoc|iPhone.ActiveCfg = Release|Any CPU
		{ABF74A60-42BC-4709-8D55-B19027A56EB1}.Ad-Hoc|iPhone.Build.0 = Release|Any CPU
		{ABF74A60-42BC-4709-8D55-B19027A56EB1}.Ad-Hoc|iPhoneSimulator.ActiveCfg = Release|Any CPU
		{ABF74A60-42BC-4709-8D55-B19027A56EB1}.Ad-Hoc|iPhoneSimulator.Build.0 = Release|Any CPU
		{ABF74A60-42BC-4709-8D55-B19027A56EB1}.Ad-Hoc|x64.ActiveCfg = Release|Any CPU
		{ABF74A60-42BC-4709-8D55-B19027A56EB1}.Ad-Hoc|x64.Build.0 = Release|Any CPU
		{ABF74A60-42BC-4709-8D55-B19027A56EB1}.Ad-Hoc|x86.ActiveCfg = Release|Any CPU
		{ABF74A60-42BC-4709-8D55-B19027A56EB1}.Ad-Hoc|x86.Build.0 = Release|Any CPU
		{ABF74A60-42BC-4709-8D55-B19027A56EB1}.AppStore|Any CPU.ActiveCfg = Release|Any CPU
		{ABF74A60-42BC-4709-8D55-B19027A56EB1}.AppStore|Any CPU.Build.0 = Release|Any CPU
		{ABF74A60-42BC-4709-8D55-B19027A56EB1}.AppStore|ARM.ActiveCfg = Release|Any CPU
		{ABF74A60-42BC-4709-8D55-B19027A56EB1}.AppStore|ARM.Build.0 = Release|Any CPU
		{ABF74A60-42BC-4709-8D55-B19027A56EB1}.AppStore|iPhone.ActiveCfg = Release|Any CPU
		{ABF74A60-42BC-4709-8D55-B19027A56EB1}.AppStore|iPhone.Build.0 = Release|Any CPU
		{ABF74A60-42BC-4709-8D55-B19027A56EB1}.AppStore|iPhoneSimulator.ActiveCfg = Release|Any CPU
		{ABF74A60-42BC-4709-8D55-B19027A56EB1}.AppStore|iPhoneSimulator.Build.0 = Release|Any CPU
		{ABF74A60-42BC-4709-8D55-B19027A56EB1}.AppStore|x64.ActiveCfg = Release|Any CPU
		{ABF74A60-42BC-4709-8D55-B19027A56EB1}.AppStore|x64.Build.0 = Release|Any CPU
		{ABF74A60-42BC-4709-8D55-B19027A56EB1}.AppStore|x86.ActiveCfg = Release|Any CPU
		{ABF74A60-42BC-4709-8D55-B19027A56EB1}.AppStore|x86.Build.0 = Release|Any CPU
		{ABF74A60-42BC-4709-8D55-B19027A56EB1}.Debug|Any CPU.ActiveCfg = Debug|Any CPU
		{ABF74A60-42BC-4709-8D55-B19027A56EB1}.Debug|Any CPU.Build.0 = Debug|Any CPU
		{ABF74A60-42BC-4709-8D55-B19027A56EB1}.Debug|ARM.ActiveCfg = Debug|Any CPU
		{ABF74A60-42BC-4709-8D55-B19027A56EB1}.Debug|ARM.Build.0 = Debug|Any CPU
		{ABF74A60-42BC-4709-8D55-B19027A56EB1}.Debug|iPhone.ActiveCfg = Debug|Any CPU
		{ABF74A60-42BC-4709-8D55-B19027A56EB1}.Debug|iPhone.Build.0 = Debug|Any CPU
		{ABF74A60-42BC-4709-8D55-B19027A56EB1}.Debug|iPhoneSimulator.ActiveCfg = Debug|Any CPU
		{ABF74A60-42BC-4709-8D55-B19027A56EB1}.Debug|iPhoneSimulator.Build.0 = Debug|Any CPU
		{ABF74A60-42BC-4709-8D55-B19027A56EB1}.Debug|x64.ActiveCfg = Debug|Any CPU
		{ABF74A60-42BC-4709-8D55-B19027A56EB1}.Debug|x64.Build.0 = Debug|Any CPU
		{ABF74A60-42BC-4709-8D55-B19027A56EB1}.Debug|x86.ActiveCfg = Debug|Any CPU
		{ABF74A60-42BC-4709-8D55-B19027A56EB1}.Debug|x86.Build.0 = Debug|Any CPU
		{ABF74A60-42BC-4709-8D55-B19027A56EB1}.Release|Any CPU.ActiveCfg = Release|Any CPU
		{ABF74A60-42BC-4709-8D55-B19027A56EB1}.Release|Any CPU.Build.0 = Release|Any CPU
		{ABF74A60-42BC-4709-8D55-B19027A56EB1}.Release|ARM.ActiveCfg = Release|Any CPU
		{ABF74A60-42BC-4709-8D55-B19027A56EB1}.Release|ARM.Build.0 = Release|Any CPU
		{ABF74A60-42BC-4709-8D55-B19027A56EB1}.Release|iPhone.ActiveCfg = Release|Any CPU
		{ABF74A60-42BC-4709-8D55-B19027A56EB1}.Release|iPhone.Build.0 = Release|Any CPU
		{ABF74A60-42BC-4709-8D55-B19027A56EB1}.Release|iPhoneSimulator.ActiveCfg = Release|Any CPU
		{ABF74A60-42BC-4709-8D55-B19027A56EB1}.Release|iPhoneSimulator.Build.0 = Release|Any CPU
		{ABF74A60-42BC-4709-8D55-B19027A56EB1}.Release|x64.ActiveCfg = Release|Any CPU
		{ABF74A60-42BC-4709-8D55-B19027A56EB1}.Release|x64.Build.0 = Release|Any CPU
		{ABF74A60-42BC-4709-8D55-B19027A56EB1}.Release|x86.ActiveCfg = Release|Any CPU
		{ABF74A60-42BC-4709-8D55-B19027A56EB1}.Release|x86.Build.0 = Release|Any CPU
		{8C8C7810-DC44-4ED2-BB5A-EFD793291777}.Ad-Hoc|Any CPU.ActiveCfg = Release|Any CPU
		{8C8C7810-DC44-4ED2-BB5A-EFD793291777}.Ad-Hoc|Any CPU.Build.0 = Release|Any CPU
		{8C8C7810-DC44-4ED2-BB5A-EFD793291777}.Ad-Hoc|ARM.ActiveCfg = Release|Any CPU
		{8C8C7810-DC44-4ED2-BB5A-EFD793291777}.Ad-Hoc|ARM.Build.0 = Release|Any CPU
		{8C8C7810-DC44-4ED2-BB5A-EFD793291777}.Ad-Hoc|iPhone.ActiveCfg = Release|Any CPU
		{8C8C7810-DC44-4ED2-BB5A-EFD793291777}.Ad-Hoc|iPhone.Build.0 = Release|Any CPU
		{8C8C7810-DC44-4ED2-BB5A-EFD793291777}.Ad-Hoc|iPhoneSimulator.ActiveCfg = Release|Any CPU
		{8C8C7810-DC44-4ED2-BB5A-EFD793291777}.Ad-Hoc|iPhoneSimulator.Build.0 = Release|Any CPU
		{8C8C7810-DC44-4ED2-BB5A-EFD793291777}.Ad-Hoc|x64.ActiveCfg = Release|Any CPU
		{8C8C7810-DC44-4ED2-BB5A-EFD793291777}.Ad-Hoc|x64.Build.0 = Release|Any CPU
		{8C8C7810-DC44-4ED2-BB5A-EFD793291777}.Ad-Hoc|x86.ActiveCfg = Release|Any CPU
		{8C8C7810-DC44-4ED2-BB5A-EFD793291777}.Ad-Hoc|x86.Build.0 = Release|Any CPU
		{8C8C7810-DC44-4ED2-BB5A-EFD793291777}.AppStore|Any CPU.ActiveCfg = Release|Any CPU
		{8C8C7810-DC44-4ED2-BB5A-EFD793291777}.AppStore|Any CPU.Build.0 = Release|Any CPU
		{8C8C7810-DC44-4ED2-BB5A-EFD793291777}.AppStore|ARM.ActiveCfg = Release|Any CPU
		{8C8C7810-DC44-4ED2-BB5A-EFD793291777}.AppStore|ARM.Build.0 = Release|Any CPU
		{8C8C7810-DC44-4ED2-BB5A-EFD793291777}.AppStore|iPhone.ActiveCfg = Release|Any CPU
		{8C8C7810-DC44-4ED2-BB5A-EFD793291777}.AppStore|iPhone.Build.0 = Release|Any CPU
		{8C8C7810-DC44-4ED2-BB5A-EFD793291777}.AppStore|iPhoneSimulator.ActiveCfg = Release|Any CPU
		{8C8C7810-DC44-4ED2-BB5A-EFD793291777}.AppStore|iPhoneSimulator.Build.0 = Release|Any CPU
		{8C8C7810-DC44-4ED2-BB5A-EFD793291777}.AppStore|x64.ActiveCfg = Release|Any CPU
		{8C8C7810-DC44-4ED2-BB5A-EFD793291777}.AppStore|x64.Build.0 = Release|Any CPU
		{8C8C7810-DC44-4ED2-BB5A-EFD793291777}.AppStore|x86.ActiveCfg = Release|Any CPU
		{8C8C7810-DC44-4ED2-BB5A-EFD793291777}.AppStore|x86.Build.0 = Release|Any CPU
		{8C8C7810-DC44-4ED2-BB5A-EFD793291777}.Debug|Any CPU.ActiveCfg = Debug|Any CPU
		{8C8C7810-DC44-4ED2-BB5A-EFD793291777}.Debug|Any CPU.Build.0 = Debug|Any CPU
		{8C8C7810-DC44-4ED2-BB5A-EFD793291777}.Debug|ARM.ActiveCfg = Debug|Any CPU
		{8C8C7810-DC44-4ED2-BB5A-EFD793291777}.Debug|ARM.Build.0 = Debug|Any CPU
		{8C8C7810-DC44-4ED2-BB5A-EFD793291777}.Debug|iPhone.ActiveCfg = Debug|Any CPU
		{8C8C7810-DC44-4ED2-BB5A-EFD793291777}.Debug|iPhone.Build.0 = Debug|Any CPU
		{8C8C7810-DC44-4ED2-BB5A-EFD793291777}.Debug|iPhoneSimulator.ActiveCfg = Debug|Any CPU
		{8C8C7810-DC44-4ED2-BB5A-EFD793291777}.Debug|iPhoneSimulator.Build.0 = Debug|Any CPU
		{8C8C7810-DC44-4ED2-BB5A-EFD793291777}.Debug|x64.ActiveCfg = Debug|Any CPU
		{8C8C7810-DC44-4ED2-BB5A-EFD793291777}.Debug|x64.Build.0 = Debug|Any CPU
		{8C8C7810-DC44-4ED2-BB5A-EFD793291777}.Debug|x86.ActiveCfg = Debug|Any CPU
		{8C8C7810-DC44-4ED2-BB5A-EFD793291777}.Debug|x86.Build.0 = Debug|Any CPU
		{8C8C7810-DC44-4ED2-BB5A-EFD793291777}.Release|Any CPU.ActiveCfg = Release|Any CPU
		{8C8C7810-DC44-4ED2-BB5A-EFD793291777}.Release|Any CPU.Build.0 = Release|Any CPU
		{8C8C7810-DC44-4ED2-BB5A-EFD793291777}.Release|ARM.ActiveCfg = Release|Any CPU
		{8C8C7810-DC44-4ED2-BB5A-EFD793291777}.Release|ARM.Build.0 = Release|Any CPU
		{8C8C7810-DC44-4ED2-BB5A-EFD793291777}.Release|iPhone.ActiveCfg = Release|Any CPU
		{8C8C7810-DC44-4ED2-BB5A-EFD793291777}.Release|iPhone.Build.0 = Release|Any CPU
		{8C8C7810-DC44-4ED2-BB5A-EFD793291777}.Release|iPhoneSimulator.ActiveCfg = Release|Any CPU
		{8C8C7810-DC44-4ED2-BB5A-EFD793291777}.Release|iPhoneSimulator.Build.0 = Release|Any CPU
		{8C8C7810-DC44-4ED2-BB5A-EFD793291777}.Release|x64.ActiveCfg = Release|Any CPU
		{8C8C7810-DC44-4ED2-BB5A-EFD793291777}.Release|x64.Build.0 = Release|Any CPU
		{8C8C7810-DC44-4ED2-BB5A-EFD793291777}.Release|x86.ActiveCfg = Release|Any CPU
		{8C8C7810-DC44-4ED2-BB5A-EFD793291777}.Release|x86.Build.0 = Release|Any CPU
		{460AB039-6265-4FDC-B03A-5F9C9ADA7A66}.Ad-Hoc|Any CPU.ActiveCfg = Release|Any CPU
		{460AB039-6265-4FDC-B03A-5F9C9ADA7A66}.Ad-Hoc|Any CPU.Build.0 = Release|Any CPU
		{460AB039-6265-4FDC-B03A-5F9C9ADA7A66}.Ad-Hoc|ARM.ActiveCfg = Release|Any CPU
		{460AB039-6265-4FDC-B03A-5F9C9ADA7A66}.Ad-Hoc|ARM.Build.0 = Release|Any CPU
		{460AB039-6265-4FDC-B03A-5F9C9ADA7A66}.Ad-Hoc|iPhone.ActiveCfg = Release|Any CPU
		{460AB039-6265-4FDC-B03A-5F9C9ADA7A66}.Ad-Hoc|iPhone.Build.0 = Release|Any CPU
		{460AB039-6265-4FDC-B03A-5F9C9ADA7A66}.Ad-Hoc|iPhoneSimulator.ActiveCfg = Release|Any CPU
		{460AB039-6265-4FDC-B03A-5F9C9ADA7A66}.Ad-Hoc|iPhoneSimulator.Build.0 = Release|Any CPU
		{460AB039-6265-4FDC-B03A-5F9C9ADA7A66}.Ad-Hoc|x64.ActiveCfg = Release|Any CPU
		{460AB039-6265-4FDC-B03A-5F9C9ADA7A66}.Ad-Hoc|x64.Build.0 = Release|Any CPU
		{460AB039-6265-4FDC-B03A-5F9C9ADA7A66}.Ad-Hoc|x86.ActiveCfg = Release|Any CPU
		{460AB039-6265-4FDC-B03A-5F9C9ADA7A66}.Ad-Hoc|x86.Build.0 = Release|Any CPU
		{460AB039-6265-4FDC-B03A-5F9C9ADA7A66}.AppStore|Any CPU.ActiveCfg = Release|Any CPU
		{460AB039-6265-4FDC-B03A-5F9C9ADA7A66}.AppStore|Any CPU.Build.0 = Release|Any CPU
		{460AB039-6265-4FDC-B03A-5F9C9ADA7A66}.AppStore|ARM.ActiveCfg = Release|Any CPU
		{460AB039-6265-4FDC-B03A-5F9C9ADA7A66}.AppStore|ARM.Build.0 = Release|Any CPU
		{460AB039-6265-4FDC-B03A-5F9C9ADA7A66}.AppStore|iPhone.ActiveCfg = Release|Any CPU
		{460AB039-6265-4FDC-B03A-5F9C9ADA7A66}.AppStore|iPhone.Build.0 = Release|Any CPU
		{460AB039-6265-4FDC-B03A-5F9C9ADA7A66}.AppStore|iPhoneSimulator.ActiveCfg = Release|Any CPU
		{460AB039-6265-4FDC-B03A-5F9C9ADA7A66}.AppStore|iPhoneSimulator.Build.0 = Release|Any CPU
		{460AB039-6265-4FDC-B03A-5F9C9ADA7A66}.AppStore|x64.ActiveCfg = Release|Any CPU
		{460AB039-6265-4FDC-B03A-5F9C9ADA7A66}.AppStore|x64.Build.0 = Release|Any CPU
		{460AB039-6265-4FDC-B03A-5F9C9ADA7A66}.AppStore|x86.ActiveCfg = Release|Any CPU
		{460AB039-6265-4FDC-B03A-5F9C9ADA7A66}.AppStore|x86.Build.0 = Release|Any CPU
		{460AB039-6265-4FDC-B03A-5F9C9ADA7A66}.Debug|Any CPU.ActiveCfg = Debug|Any CPU
		{460AB039-6265-4FDC-B03A-5F9C9ADA7A66}.Debug|Any CPU.Build.0 = Debug|Any CPU
		{460AB039-6265-4FDC-B03A-5F9C9ADA7A66}.Debug|ARM.ActiveCfg = Debug|Any CPU
		{460AB039-6265-4FDC-B03A-5F9C9ADA7A66}.Debug|ARM.Build.0 = Debug|Any CPU
		{460AB039-6265-4FDC-B03A-5F9C9ADA7A66}.Debug|iPhone.ActiveCfg = Debug|Any CPU
		{460AB039-6265-4FDC-B03A-5F9C9ADA7A66}.Debug|iPhone.Build.0 = Debug|Any CPU
		{460AB039-6265-4FDC-B03A-5F9C9ADA7A66}.Debug|iPhoneSimulator.ActiveCfg = Debug|Any CPU
		{460AB039-6265-4FDC-B03A-5F9C9ADA7A66}.Debug|iPhoneSimulator.Build.0 = Debug|Any CPU
		{460AB039-6265-4FDC-B03A-5F9C9ADA7A66}.Debug|x64.ActiveCfg = Debug|Any CPU
		{460AB039-6265-4FDC-B03A-5F9C9ADA7A66}.Debug|x64.Build.0 = Debug|Any CPU
		{460AB039-6265-4FDC-B03A-5F9C9ADA7A66}.Debug|x86.ActiveCfg = Debug|Any CPU
		{460AB039-6265-4FDC-B03A-5F9C9ADA7A66}.Debug|x86.Build.0 = Debug|Any CPU
		{460AB039-6265-4FDC-B03A-5F9C9ADA7A66}.Release|Any CPU.ActiveCfg = Release|Any CPU
		{460AB039-6265-4FDC-B03A-5F9C9ADA7A66}.Release|Any CPU.Build.0 = Release|Any CPU
		{460AB039-6265-4FDC-B03A-5F9C9ADA7A66}.Release|ARM.ActiveCfg = Release|Any CPU
		{460AB039-6265-4FDC-B03A-5F9C9ADA7A66}.Release|ARM.Build.0 = Release|Any CPU
		{460AB039-6265-4FDC-B03A-5F9C9ADA7A66}.Release|iPhone.ActiveCfg = Release|Any CPU
		{460AB039-6265-4FDC-B03A-5F9C9ADA7A66}.Release|iPhone.Build.0 = Release|Any CPU
		{460AB039-6265-4FDC-B03A-5F9C9ADA7A66}.Release|iPhoneSimulator.ActiveCfg = Release|Any CPU
		{460AB039-6265-4FDC-B03A-5F9C9ADA7A66}.Release|iPhoneSimulator.Build.0 = Release|Any CPU
		{460AB039-6265-4FDC-B03A-5F9C9ADA7A66}.Release|x64.ActiveCfg = Release|Any CPU
		{460AB039-6265-4FDC-B03A-5F9C9ADA7A66}.Release|x64.Build.0 = Release|Any CPU
		{460AB039-6265-4FDC-B03A-5F9C9ADA7A66}.Release|x86.ActiveCfg = Release|Any CPU
		{460AB039-6265-4FDC-B03A-5F9C9ADA7A66}.Release|x86.Build.0 = Release|Any CPU
		{4D489482-8BED-4A4D-8F7F-24B74F9358BE}.Ad-Hoc|Any CPU.ActiveCfg = Release|Any CPU
		{4D489482-8BED-4A4D-8F7F-24B74F9358BE}.Ad-Hoc|Any CPU.Build.0 = Release|Any CPU
		{4D489482-8BED-4A4D-8F7F-24B74F9358BE}.Ad-Hoc|ARM.ActiveCfg = Release|Any CPU
		{4D489482-8BED-4A4D-8F7F-24B74F9358BE}.Ad-Hoc|ARM.Build.0 = Release|Any CPU
		{4D489482-8BED-4A4D-8F7F-24B74F9358BE}.Ad-Hoc|iPhone.ActiveCfg = Release|Any CPU
		{4D489482-8BED-4A4D-8F7F-24B74F9358BE}.Ad-Hoc|iPhone.Build.0 = Release|Any CPU
		{4D489482-8BED-4A4D-8F7F-24B74F9358BE}.Ad-Hoc|iPhoneSimulator.ActiveCfg = Release|Any CPU
		{4D489482-8BED-4A4D-8F7F-24B74F9358BE}.Ad-Hoc|iPhoneSimulator.Build.0 = Release|Any CPU
		{4D489482-8BED-4A4D-8F7F-24B74F9358BE}.Ad-Hoc|x64.ActiveCfg = Release|Any CPU
		{4D489482-8BED-4A4D-8F7F-24B74F9358BE}.Ad-Hoc|x64.Build.0 = Release|Any CPU
		{4D489482-8BED-4A4D-8F7F-24B74F9358BE}.Ad-Hoc|x86.ActiveCfg = Release|Any CPU
		{4D489482-8BED-4A4D-8F7F-24B74F9358BE}.Ad-Hoc|x86.Build.0 = Release|Any CPU
		{4D489482-8BED-4A4D-8F7F-24B74F9358BE}.AppStore|Any CPU.ActiveCfg = Release|Any CPU
		{4D489482-8BED-4A4D-8F7F-24B74F9358BE}.AppStore|Any CPU.Build.0 = Release|Any CPU
		{4D489482-8BED-4A4D-8F7F-24B74F9358BE}.AppStore|ARM.ActiveCfg = Release|Any CPU
		{4D489482-8BED-4A4D-8F7F-24B74F9358BE}.AppStore|ARM.Build.0 = Release|Any CPU
		{4D489482-8BED-4A4D-8F7F-24B74F9358BE}.AppStore|iPhone.ActiveCfg = Release|Any CPU
		{4D489482-8BED-4A4D-8F7F-24B74F9358BE}.AppStore|iPhone.Build.0 = Release|Any CPU
		{4D489482-8BED-4A4D-8F7F-24B74F9358BE}.AppStore|iPhoneSimulator.ActiveCfg = Release|Any CPU
		{4D489482-8BED-4A4D-8F7F-24B74F9358BE}.AppStore|iPhoneSimulator.Build.0 = Release|Any CPU
		{4D489482-8BED-4A4D-8F7F-24B74F9358BE}.AppStore|x64.ActiveCfg = Release|Any CPU
		{4D489482-8BED-4A4D-8F7F-24B74F9358BE}.AppStore|x64.Build.0 = Release|Any CPU
		{4D489482-8BED-4A4D-8F7F-24B74F9358BE}.AppStore|x86.ActiveCfg = Release|Any CPU
		{4D489482-8BED-4A4D-8F7F-24B74F9358BE}.AppStore|x86.Build.0 = Release|Any CPU
		{4D489482-8BED-4A4D-8F7F-24B74F9358BE}.Debug|Any CPU.ActiveCfg = Debug|Any CPU
		{4D489482-8BED-4A4D-8F7F-24B74F9358BE}.Debug|Any CPU.Build.0 = Debug|Any CPU
		{4D489482-8BED-4A4D-8F7F-24B74F9358BE}.Debug|ARM.ActiveCfg = Debug|Any CPU
		{4D489482-8BED-4A4D-8F7F-24B74F9358BE}.Debug|ARM.Build.0 = Debug|Any CPU
		{4D489482-8BED-4A4D-8F7F-24B74F9358BE}.Debug|iPhone.ActiveCfg = Debug|Any CPU
		{4D489482-8BED-4A4D-8F7F-24B74F9358BE}.Debug|iPhone.Build.0 = Debug|Any CPU
		{4D489482-8BED-4A4D-8F7F-24B74F9358BE}.Debug|iPhoneSimulator.ActiveCfg = Debug|Any CPU
		{4D489482-8BED-4A4D-8F7F-24B74F9358BE}.Debug|iPhoneSimulator.Build.0 = Debug|Any CPU
		{4D489482-8BED-4A4D-8F7F-24B74F9358BE}.Debug|x64.ActiveCfg = Debug|Any CPU
		{4D489482-8BED-4A4D-8F7F-24B74F9358BE}.Debug|x64.Build.0 = Debug|Any CPU
		{4D489482-8BED-4A4D-8F7F-24B74F9358BE}.Debug|x86.ActiveCfg = Debug|Any CPU
		{4D489482-8BED-4A4D-8F7F-24B74F9358BE}.Debug|x86.Build.0 = Debug|Any CPU
		{4D489482-8BED-4A4D-8F7F-24B74F9358BE}.Release|Any CPU.ActiveCfg = Release|Any CPU
		{4D489482-8BED-4A4D-8F7F-24B74F9358BE}.Release|Any CPU.Build.0 = Release|Any CPU
		{4D489482-8BED-4A4D-8F7F-24B74F9358BE}.Release|ARM.ActiveCfg = Release|Any CPU
		{4D489482-8BED-4A4D-8F7F-24B74F9358BE}.Release|ARM.Build.0 = Release|Any CPU
		{4D489482-8BED-4A4D-8F7F-24B74F9358BE}.Release|iPhone.ActiveCfg = Release|Any CPU
		{4D489482-8BED-4A4D-8F7F-24B74F9358BE}.Release|iPhone.Build.0 = Release|Any CPU
		{4D489482-8BED-4A4D-8F7F-24B74F9358BE}.Release|iPhoneSimulator.ActiveCfg = Release|Any CPU
		{4D489482-8BED-4A4D-8F7F-24B74F9358BE}.Release|iPhoneSimulator.Build.0 = Release|Any CPU
		{4D489482-8BED-4A4D-8F7F-24B74F9358BE}.Release|x64.ActiveCfg = Release|Any CPU
		{4D489482-8BED-4A4D-8F7F-24B74F9358BE}.Release|x64.Build.0 = Release|Any CPU
		{4D489482-8BED-4A4D-8F7F-24B74F9358BE}.Release|x86.ActiveCfg = Release|Any CPU
		{4D489482-8BED-4A4D-8F7F-24B74F9358BE}.Release|x86.Build.0 = Release|Any CPU
		{AE485A09-54BE-41DF-897E-68B74DB6BEF3}.Ad-Hoc|Any CPU.ActiveCfg = Release|Any CPU
		{AE485A09-54BE-41DF-897E-68B74DB6BEF3}.Ad-Hoc|Any CPU.Build.0 = Release|Any CPU
		{AE485A09-54BE-41DF-897E-68B74DB6BEF3}.Ad-Hoc|ARM.ActiveCfg = Release|Any CPU
		{AE485A09-54BE-41DF-897E-68B74DB6BEF3}.Ad-Hoc|ARM.Build.0 = Release|Any CPU
		{AE485A09-54BE-41DF-897E-68B74DB6BEF3}.Ad-Hoc|iPhone.ActiveCfg = Release|Any CPU
		{AE485A09-54BE-41DF-897E-68B74DB6BEF3}.Ad-Hoc|iPhone.Build.0 = Release|Any CPU
		{AE485A09-54BE-41DF-897E-68B74DB6BEF3}.Ad-Hoc|iPhoneSimulator.ActiveCfg = Release|Any CPU
		{AE485A09-54BE-41DF-897E-68B74DB6BEF3}.Ad-Hoc|iPhoneSimulator.Build.0 = Release|Any CPU
		{AE485A09-54BE-41DF-897E-68B74DB6BEF3}.Ad-Hoc|x64.ActiveCfg = Release|Any CPU
		{AE485A09-54BE-41DF-897E-68B74DB6BEF3}.Ad-Hoc|x64.Build.0 = Release|Any CPU
		{AE485A09-54BE-41DF-897E-68B74DB6BEF3}.Ad-Hoc|x86.ActiveCfg = Release|Any CPU
		{AE485A09-54BE-41DF-897E-68B74DB6BEF3}.Ad-Hoc|x86.Build.0 = Release|Any CPU
		{AE485A09-54BE-41DF-897E-68B74DB6BEF3}.AppStore|Any CPU.ActiveCfg = Release|Any CPU
		{AE485A09-54BE-41DF-897E-68B74DB6BEF3}.AppStore|Any CPU.Build.0 = Release|Any CPU
		{AE485A09-54BE-41DF-897E-68B74DB6BEF3}.AppStore|ARM.ActiveCfg = Release|Any CPU
		{AE485A09-54BE-41DF-897E-68B74DB6BEF3}.AppStore|ARM.Build.0 = Release|Any CPU
		{AE485A09-54BE-41DF-897E-68B74DB6BEF3}.AppStore|iPhone.ActiveCfg = Release|Any CPU
		{AE485A09-54BE-41DF-897E-68B74DB6BEF3}.AppStore|iPhone.Build.0 = Release|Any CPU
		{AE485A09-54BE-41DF-897E-68B74DB6BEF3}.AppStore|iPhoneSimulator.ActiveCfg = Release|Any CPU
		{AE485A09-54BE-41DF-897E-68B74DB6BEF3}.AppStore|iPhoneSimulator.Build.0 = Release|Any CPU
		{AE485A09-54BE-41DF-897E-68B74DB6BEF3}.AppStore|x64.ActiveCfg = Release|Any CPU
		{AE485A09-54BE-41DF-897E-68B74DB6BEF3}.AppStore|x64.Build.0 = Release|Any CPU
		{AE485A09-54BE-41DF-897E-68B74DB6BEF3}.AppStore|x86.ActiveCfg = Release|Any CPU
		{AE485A09-54BE-41DF-897E-68B74DB6BEF3}.AppStore|x86.Build.0 = Release|Any CPU
		{AE485A09-54BE-41DF-897E-68B74DB6BEF3}.Debug|Any CPU.ActiveCfg = Debug|Any CPU
		{AE485A09-54BE-41DF-897E-68B74DB6BEF3}.Debug|Any CPU.Build.0 = Debug|Any CPU
		{AE485A09-54BE-41DF-897E-68B74DB6BEF3}.Debug|ARM.ActiveCfg = Debug|Any CPU
		{AE485A09-54BE-41DF-897E-68B74DB6BEF3}.Debug|ARM.Build.0 = Debug|Any CPU
		{AE485A09-54BE-41DF-897E-68B74DB6BEF3}.Debug|iPhone.ActiveCfg = Debug|Any CPU
		{AE485A09-54BE-41DF-897E-68B74DB6BEF3}.Debug|iPhone.Build.0 = Debug|Any CPU
		{AE485A09-54BE-41DF-897E-68B74DB6BEF3}.Debug|iPhoneSimulator.ActiveCfg = Debug|Any CPU
		{AE485A09-54BE-41DF-897E-68B74DB6BEF3}.Debug|iPhoneSimulator.Build.0 = Debug|Any CPU
		{AE485A09-54BE-41DF-897E-68B74DB6BEF3}.Debug|x64.ActiveCfg = Debug|Any CPU
		{AE485A09-54BE-41DF-897E-68B74DB6BEF3}.Debug|x64.Build.0 = Debug|Any CPU
		{AE485A09-54BE-41DF-897E-68B74DB6BEF3}.Debug|x86.ActiveCfg = Debug|Any CPU
		{AE485A09-54BE-41DF-897E-68B74DB6BEF3}.Debug|x86.Build.0 = Debug|Any CPU
		{AE485A09-54BE-41DF-897E-68B74DB6BEF3}.Release|Any CPU.ActiveCfg = Release|Any CPU
		{AE485A09-54BE-41DF-897E-68B74DB6BEF3}.Release|Any CPU.Build.0 = Release|Any CPU
		{AE485A09-54BE-41DF-897E-68B74DB6BEF3}.Release|ARM.ActiveCfg = Release|Any CPU
		{AE485A09-54BE-41DF-897E-68B74DB6BEF3}.Release|ARM.Build.0 = Release|Any CPU
		{AE485A09-54BE-41DF-897E-68B74DB6BEF3}.Release|iPhone.ActiveCfg = Release|Any CPU
		{AE485A09-54BE-41DF-897E-68B74DB6BEF3}.Release|iPhone.Build.0 = Release|Any CPU
		{AE485A09-54BE-41DF-897E-68B74DB6BEF3}.Release|iPhoneSimulator.ActiveCfg = Release|Any CPU
		{AE485A09-54BE-41DF-897E-68B74DB6BEF3}.Release|iPhoneSimulator.Build.0 = Release|Any CPU
		{AE485A09-54BE-41DF-897E-68B74DB6BEF3}.Release|x64.ActiveCfg = Release|Any CPU
		{AE485A09-54BE-41DF-897E-68B74DB6BEF3}.Release|x64.Build.0 = Release|Any CPU
		{AE485A09-54BE-41DF-897E-68B74DB6BEF3}.Release|x86.ActiveCfg = Release|Any CPU
		{AE485A09-54BE-41DF-897E-68B74DB6BEF3}.Release|x86.Build.0 = Release|Any CPU
		{A640C192-8155-4BCB-A38F-3D340847DAA6}.Ad-Hoc|Any CPU.ActiveCfg = Release|Any CPU
		{A640C192-8155-4BCB-A38F-3D340847DAA6}.Ad-Hoc|Any CPU.Build.0 = Release|Any CPU
		{A640C192-8155-4BCB-A38F-3D340847DAA6}.Ad-Hoc|ARM.ActiveCfg = Release|Any CPU
		{A640C192-8155-4BCB-A38F-3D340847DAA6}.Ad-Hoc|ARM.Build.0 = Release|Any CPU
		{A640C192-8155-4BCB-A38F-3D340847DAA6}.Ad-Hoc|iPhone.ActiveCfg = Release|Any CPU
		{A640C192-8155-4BCB-A38F-3D340847DAA6}.Ad-Hoc|iPhone.Build.0 = Release|Any CPU
		{A640C192-8155-4BCB-A38F-3D340847DAA6}.Ad-Hoc|iPhoneSimulator.ActiveCfg = Release|Any CPU
		{A640C192-8155-4BCB-A38F-3D340847DAA6}.Ad-Hoc|iPhoneSimulator.Build.0 = Release|Any CPU
		{A640C192-8155-4BCB-A38F-3D340847DAA6}.Ad-Hoc|x64.ActiveCfg = Release|Any CPU
		{A640C192-8155-4BCB-A38F-3D340847DAA6}.Ad-Hoc|x64.Build.0 = Release|Any CPU
		{A640C192-8155-4BCB-A38F-3D340847DAA6}.Ad-Hoc|x86.ActiveCfg = Release|Any CPU
		{A640C192-8155-4BCB-A38F-3D340847DAA6}.Ad-Hoc|x86.Build.0 = Release|Any CPU
		{A640C192-8155-4BCB-A38F-3D340847DAA6}.AppStore|Any CPU.ActiveCfg = Release|Any CPU
		{A640C192-8155-4BCB-A38F-3D340847DAA6}.AppStore|Any CPU.Build.0 = Release|Any CPU
		{A640C192-8155-4BCB-A38F-3D340847DAA6}.AppStore|ARM.ActiveCfg = Release|Any CPU
		{A640C192-8155-4BCB-A38F-3D340847DAA6}.AppStore|ARM.Build.0 = Release|Any CPU
		{A640C192-8155-4BCB-A38F-3D340847DAA6}.AppStore|iPhone.ActiveCfg = Release|Any CPU
		{A640C192-8155-4BCB-A38F-3D340847DAA6}.AppStore|iPhone.Build.0 = Release|Any CPU
		{A640C192-8155-4BCB-A38F-3D340847DAA6}.AppStore|iPhoneSimulator.ActiveCfg = Release|Any CPU
		{A640C192-8155-4BCB-A38F-3D340847DAA6}.AppStore|iPhoneSimulator.Build.0 = Release|Any CPU
		{A640C192-8155-4BCB-A38F-3D340847DAA6}.AppStore|x64.ActiveCfg = Release|Any CPU
		{A640C192-8155-4BCB-A38F-3D340847DAA6}.AppStore|x64.Build.0 = Release|Any CPU
		{A640C192-8155-4BCB-A38F-3D340847DAA6}.AppStore|x86.ActiveCfg = Release|Any CPU
		{A640C192-8155-4BCB-A38F-3D340847DAA6}.AppStore|x86.Build.0 = Release|Any CPU
		{A640C192-8155-4BCB-A38F-3D340847DAA6}.Debug|Any CPU.ActiveCfg = Debug|Any CPU
		{A640C192-8155-4BCB-A38F-3D340847DAA6}.Debug|Any CPU.Build.0 = Debug|Any CPU
		{A640C192-8155-4BCB-A38F-3D340847DAA6}.Debug|ARM.ActiveCfg = Debug|Any CPU
		{A640C192-8155-4BCB-A38F-3D340847DAA6}.Debug|ARM.Build.0 = Debug|Any CPU
		{A640C192-8155-4BCB-A38F-3D340847DAA6}.Debug|iPhone.ActiveCfg = Debug|Any CPU
		{A640C192-8155-4BCB-A38F-3D340847DAA6}.Debug|iPhone.Build.0 = Debug|Any CPU
		{A640C192-8155-4BCB-A38F-3D340847DAA6}.Debug|iPhoneSimulator.ActiveCfg = Debug|Any CPU
		{A640C192-8155-4BCB-A38F-3D340847DAA6}.Debug|iPhoneSimulator.Build.0 = Debug|Any CPU
		{A640C192-8155-4BCB-A38F-3D340847DAA6}.Debug|x64.ActiveCfg = Debug|Any CPU
		{A640C192-8155-4BCB-A38F-3D340847DAA6}.Debug|x64.Build.0 = Debug|Any CPU
		{A640C192-8155-4BCB-A38F-3D340847DAA6}.Debug|x86.ActiveCfg = Debug|Any CPU
		{A640C192-8155-4BCB-A38F-3D340847DAA6}.Debug|x86.Build.0 = Debug|Any CPU
		{A640C192-8155-4BCB-A38F-3D340847DAA6}.Release|Any CPU.ActiveCfg = Release|Any CPU
		{A640C192-8155-4BCB-A38F-3D340847DAA6}.Release|Any CPU.Build.0 = Release|Any CPU
		{A640C192-8155-4BCB-A38F-3D340847DAA6}.Release|ARM.ActiveCfg = Release|Any CPU
		{A640C192-8155-4BCB-A38F-3D340847DAA6}.Release|ARM.Build.0 = Release|Any CPU
		{A640C192-8155-4BCB-A38F-3D340847DAA6}.Release|iPhone.ActiveCfg = Release|Any CPU
		{A640C192-8155-4BCB-A38F-3D340847DAA6}.Release|iPhone.Build.0 = Release|Any CPU
		{A640C192-8155-4BCB-A38F-3D340847DAA6}.Release|iPhoneSimulator.ActiveCfg = Release|Any CPU
		{A640C192-8155-4BCB-A38F-3D340847DAA6}.Release|iPhoneSimulator.Build.0 = Release|Any CPU
		{A640C192-8155-4BCB-A38F-3D340847DAA6}.Release|x64.ActiveCfg = Release|Any CPU
		{A640C192-8155-4BCB-A38F-3D340847DAA6}.Release|x64.Build.0 = Release|Any CPU
		{A640C192-8155-4BCB-A38F-3D340847DAA6}.Release|x86.ActiveCfg = Release|Any CPU
		{A640C192-8155-4BCB-A38F-3D340847DAA6}.Release|x86.Build.0 = Release|Any CPU
		{CC8C131D-EB73-4B40-8611-B8A6FB78C492}.Ad-Hoc|Any CPU.ActiveCfg = Release|Any CPU
		{CC8C131D-EB73-4B40-8611-B8A6FB78C492}.Ad-Hoc|Any CPU.Build.0 = Release|Any CPU
		{CC8C131D-EB73-4B40-8611-B8A6FB78C492}.Ad-Hoc|Any CPU.Deploy.0 = Release|Any CPU
		{CC8C131D-EB73-4B40-8611-B8A6FB78C492}.Ad-Hoc|ARM.ActiveCfg = Release|Any CPU
		{CC8C131D-EB73-4B40-8611-B8A6FB78C492}.Ad-Hoc|ARM.Build.0 = Release|Any CPU
		{CC8C131D-EB73-4B40-8611-B8A6FB78C492}.Ad-Hoc|ARM.Deploy.0 = Release|Any CPU
		{CC8C131D-EB73-4B40-8611-B8A6FB78C492}.Ad-Hoc|iPhone.ActiveCfg = Release|Any CPU
		{CC8C131D-EB73-4B40-8611-B8A6FB78C492}.Ad-Hoc|iPhone.Build.0 = Release|Any CPU
		{CC8C131D-EB73-4B40-8611-B8A6FB78C492}.Ad-Hoc|iPhone.Deploy.0 = Release|Any CPU
		{CC8C131D-EB73-4B40-8611-B8A6FB78C492}.Ad-Hoc|iPhoneSimulator.ActiveCfg = Release|Any CPU
		{CC8C131D-EB73-4B40-8611-B8A6FB78C492}.Ad-Hoc|iPhoneSimulator.Build.0 = Release|Any CPU
		{CC8C131D-EB73-4B40-8611-B8A6FB78C492}.Ad-Hoc|iPhoneSimulator.Deploy.0 = Release|Any CPU
		{CC8C131D-EB73-4B40-8611-B8A6FB78C492}.Ad-Hoc|x64.ActiveCfg = Release|Any CPU
		{CC8C131D-EB73-4B40-8611-B8A6FB78C492}.Ad-Hoc|x64.Build.0 = Release|Any CPU
		{CC8C131D-EB73-4B40-8611-B8A6FB78C492}.Ad-Hoc|x64.Deploy.0 = Release|Any CPU
		{CC8C131D-EB73-4B40-8611-B8A6FB78C492}.Ad-Hoc|x86.ActiveCfg = Release|Any CPU
		{CC8C131D-EB73-4B40-8611-B8A6FB78C492}.Ad-Hoc|x86.Build.0 = Release|Any CPU
		{CC8C131D-EB73-4B40-8611-B8A6FB78C492}.Ad-Hoc|x86.Deploy.0 = Release|Any CPU
		{CC8C131D-EB73-4B40-8611-B8A6FB78C492}.AppStore|Any CPU.ActiveCfg = Release|Any CPU
		{CC8C131D-EB73-4B40-8611-B8A6FB78C492}.AppStore|Any CPU.Build.0 = Release|Any CPU
		{CC8C131D-EB73-4B40-8611-B8A6FB78C492}.AppStore|Any CPU.Deploy.0 = Release|Any CPU
		{CC8C131D-EB73-4B40-8611-B8A6FB78C492}.AppStore|ARM.ActiveCfg = Release|Any CPU
		{CC8C131D-EB73-4B40-8611-B8A6FB78C492}.AppStore|ARM.Build.0 = Release|Any CPU
		{CC8C131D-EB73-4B40-8611-B8A6FB78C492}.AppStore|ARM.Deploy.0 = Release|Any CPU
		{CC8C131D-EB73-4B40-8611-B8A6FB78C492}.AppStore|iPhone.ActiveCfg = Release|Any CPU
		{CC8C131D-EB73-4B40-8611-B8A6FB78C492}.AppStore|iPhone.Build.0 = Release|Any CPU
		{CC8C131D-EB73-4B40-8611-B8A6FB78C492}.AppStore|iPhone.Deploy.0 = Release|Any CPU
		{CC8C131D-EB73-4B40-8611-B8A6FB78C492}.AppStore|iPhoneSimulator.ActiveCfg = Release|Any CPU
		{CC8C131D-EB73-4B40-8611-B8A6FB78C492}.AppStore|iPhoneSimulator.Build.0 = Release|Any CPU
		{CC8C131D-EB73-4B40-8611-B8A6FB78C492}.AppStore|iPhoneSimulator.Deploy.0 = Release|Any CPU
		{CC8C131D-EB73-4B40-8611-B8A6FB78C492}.AppStore|x64.ActiveCfg = Release|Any CPU
		{CC8C131D-EB73-4B40-8611-B8A6FB78C492}.AppStore|x64.Build.0 = Release|Any CPU
		{CC8C131D-EB73-4B40-8611-B8A6FB78C492}.AppStore|x64.Deploy.0 = Release|Any CPU
		{CC8C131D-EB73-4B40-8611-B8A6FB78C492}.AppStore|x86.ActiveCfg = Release|Any CPU
		{CC8C131D-EB73-4B40-8611-B8A6FB78C492}.AppStore|x86.Build.0 = Release|Any CPU
		{CC8C131D-EB73-4B40-8611-B8A6FB78C492}.AppStore|x86.Deploy.0 = Release|Any CPU
		{CC8C131D-EB73-4B40-8611-B8A6FB78C492}.Debug|Any CPU.ActiveCfg = Debug|Any CPU
		{CC8C131D-EB73-4B40-8611-B8A6FB78C492}.Debug|Any CPU.Build.0 = Debug|Any CPU
		{CC8C131D-EB73-4B40-8611-B8A6FB78C492}.Debug|Any CPU.Deploy.0 = Debug|Any CPU
		{CC8C131D-EB73-4B40-8611-B8A6FB78C492}.Debug|ARM.ActiveCfg = Debug|Any CPU
		{CC8C131D-EB73-4B40-8611-B8A6FB78C492}.Debug|ARM.Build.0 = Debug|Any CPU
		{CC8C131D-EB73-4B40-8611-B8A6FB78C492}.Debug|ARM.Deploy.0 = Debug|Any CPU
		{CC8C131D-EB73-4B40-8611-B8A6FB78C492}.Debug|iPhone.ActiveCfg = Debug|Any CPU
		{CC8C131D-EB73-4B40-8611-B8A6FB78C492}.Debug|iPhone.Build.0 = Debug|Any CPU
		{CC8C131D-EB73-4B40-8611-B8A6FB78C492}.Debug|iPhone.Deploy.0 = Debug|Any CPU
		{CC8C131D-EB73-4B40-8611-B8A6FB78C492}.Debug|iPhoneSimulator.ActiveCfg = Debug|Any CPU
		{CC8C131D-EB73-4B40-8611-B8A6FB78C492}.Debug|iPhoneSimulator.Build.0 = Debug|Any CPU
		{CC8C131D-EB73-4B40-8611-B8A6FB78C492}.Debug|iPhoneSimulator.Deploy.0 = Debug|Any CPU
		{CC8C131D-EB73-4B40-8611-B8A6FB78C492}.Debug|x64.ActiveCfg = Debug|Any CPU
		{CC8C131D-EB73-4B40-8611-B8A6FB78C492}.Debug|x64.Build.0 = Debug|Any CPU
		{CC8C131D-EB73-4B40-8611-B8A6FB78C492}.Debug|x64.Deploy.0 = Debug|Any CPU
		{CC8C131D-EB73-4B40-8611-B8A6FB78C492}.Debug|x86.ActiveCfg = Debug|Any CPU
		{CC8C131D-EB73-4B40-8611-B8A6FB78C492}.Debug|x86.Build.0 = Debug|Any CPU
		{CC8C131D-EB73-4B40-8611-B8A6FB78C492}.Debug|x86.Deploy.0 = Debug|Any CPU
		{CC8C131D-EB73-4B40-8611-B8A6FB78C492}.Release|Any CPU.ActiveCfg = Release|Any CPU
		{CC8C131D-EB73-4B40-8611-B8A6FB78C492}.Release|Any CPU.Build.0 = Release|Any CPU
		{CC8C131D-EB73-4B40-8611-B8A6FB78C492}.Release|Any CPU.Deploy.0 = Release|Any CPU
		{CC8C131D-EB73-4B40-8611-B8A6FB78C492}.Release|ARM.ActiveCfg = Release|Any CPU
		{CC8C131D-EB73-4B40-8611-B8A6FB78C492}.Release|ARM.Build.0 = Release|Any CPU
		{CC8C131D-EB73-4B40-8611-B8A6FB78C492}.Release|ARM.Deploy.0 = Release|Any CPU
		{CC8C131D-EB73-4B40-8611-B8A6FB78C492}.Release|iPhone.ActiveCfg = Release|Any CPU
		{CC8C131D-EB73-4B40-8611-B8A6FB78C492}.Release|iPhone.Build.0 = Release|Any CPU
		{CC8C131D-EB73-4B40-8611-B8A6FB78C492}.Release|iPhone.Deploy.0 = Release|Any CPU
		{CC8C131D-EB73-4B40-8611-B8A6FB78C492}.Release|iPhoneSimulator.ActiveCfg = Release|Any CPU
		{CC8C131D-EB73-4B40-8611-B8A6FB78C492}.Release|iPhoneSimulator.Build.0 = Release|Any CPU
		{CC8C131D-EB73-4B40-8611-B8A6FB78C492}.Release|iPhoneSimulator.Deploy.0 = Release|Any CPU
		{CC8C131D-EB73-4B40-8611-B8A6FB78C492}.Release|x64.ActiveCfg = Release|Any CPU
		{CC8C131D-EB73-4B40-8611-B8A6FB78C492}.Release|x64.Build.0 = Release|Any CPU
		{CC8C131D-EB73-4B40-8611-B8A6FB78C492}.Release|x64.Deploy.0 = Release|Any CPU
		{CC8C131D-EB73-4B40-8611-B8A6FB78C492}.Release|x86.ActiveCfg = Release|Any CPU
		{CC8C131D-EB73-4B40-8611-B8A6FB78C492}.Release|x86.Build.0 = Release|Any CPU
		{CC8C131D-EB73-4B40-8611-B8A6FB78C492}.Release|x86.Deploy.0 = Release|Any CPU
		{F59EEF4B-C4BE-461A-AF74-379AF44A164C}.Ad-Hoc|Any CPU.ActiveCfg = Release|Any CPU
		{F59EEF4B-C4BE-461A-AF74-379AF44A164C}.Ad-Hoc|Any CPU.Build.0 = Release|Any CPU
		{F59EEF4B-C4BE-461A-AF74-379AF44A164C}.Ad-Hoc|ARM.ActiveCfg = Release|Any CPU
		{F59EEF4B-C4BE-461A-AF74-379AF44A164C}.Ad-Hoc|ARM.Build.0 = Release|Any CPU
		{F59EEF4B-C4BE-461A-AF74-379AF44A164C}.Ad-Hoc|iPhone.ActiveCfg = Release|Any CPU
		{F59EEF4B-C4BE-461A-AF74-379AF44A164C}.Ad-Hoc|iPhone.Build.0 = Release|Any CPU
		{F59EEF4B-C4BE-461A-AF74-379AF44A164C}.Ad-Hoc|iPhoneSimulator.ActiveCfg = Release|Any CPU
		{F59EEF4B-C4BE-461A-AF74-379AF44A164C}.Ad-Hoc|iPhoneSimulator.Build.0 = Release|Any CPU
		{F59EEF4B-C4BE-461A-AF74-379AF44A164C}.Ad-Hoc|x64.ActiveCfg = Release|Any CPU
		{F59EEF4B-C4BE-461A-AF74-379AF44A164C}.Ad-Hoc|x64.Build.0 = Release|Any CPU
		{F59EEF4B-C4BE-461A-AF74-379AF44A164C}.Ad-Hoc|x86.ActiveCfg = Release|Any CPU
		{F59EEF4B-C4BE-461A-AF74-379AF44A164C}.Ad-Hoc|x86.Build.0 = Release|Any CPU
		{F59EEF4B-C4BE-461A-AF74-379AF44A164C}.AppStore|Any CPU.ActiveCfg = Release|Any CPU
		{F59EEF4B-C4BE-461A-AF74-379AF44A164C}.AppStore|Any CPU.Build.0 = Release|Any CPU
		{F59EEF4B-C4BE-461A-AF74-379AF44A164C}.AppStore|ARM.ActiveCfg = Release|Any CPU
		{F59EEF4B-C4BE-461A-AF74-379AF44A164C}.AppStore|ARM.Build.0 = Release|Any CPU
		{F59EEF4B-C4BE-461A-AF74-379AF44A164C}.AppStore|iPhone.ActiveCfg = Release|Any CPU
		{F59EEF4B-C4BE-461A-AF74-379AF44A164C}.AppStore|iPhone.Build.0 = Release|Any CPU
		{F59EEF4B-C4BE-461A-AF74-379AF44A164C}.AppStore|iPhoneSimulator.ActiveCfg = Release|Any CPU
		{F59EEF4B-C4BE-461A-AF74-379AF44A164C}.AppStore|iPhoneSimulator.Build.0 = Release|Any CPU
		{F59EEF4B-C4BE-461A-AF74-379AF44A164C}.AppStore|x64.ActiveCfg = Release|Any CPU
		{F59EEF4B-C4BE-461A-AF74-379AF44A164C}.AppStore|x64.Build.0 = Release|Any CPU
		{F59EEF4B-C4BE-461A-AF74-379AF44A164C}.AppStore|x86.ActiveCfg = Release|Any CPU
		{F59EEF4B-C4BE-461A-AF74-379AF44A164C}.AppStore|x86.Build.0 = Release|Any CPU
		{F59EEF4B-C4BE-461A-AF74-379AF44A164C}.Debug|Any CPU.ActiveCfg = Debug|Any CPU
		{F59EEF4B-C4BE-461A-AF74-379AF44A164C}.Debug|Any CPU.Build.0 = Debug|Any CPU
		{F59EEF4B-C4BE-461A-AF74-379AF44A164C}.Debug|ARM.ActiveCfg = Debug|Any CPU
		{F59EEF4B-C4BE-461A-AF74-379AF44A164C}.Debug|ARM.Build.0 = Debug|Any CPU
		{F59EEF4B-C4BE-461A-AF74-379AF44A164C}.Debug|iPhone.ActiveCfg = Debug|Any CPU
		{F59EEF4B-C4BE-461A-AF74-379AF44A164C}.Debug|iPhone.Build.0 = Debug|Any CPU
		{F59EEF4B-C4BE-461A-AF74-379AF44A164C}.Debug|iPhoneSimulator.ActiveCfg = Debug|Any CPU
		{F59EEF4B-C4BE-461A-AF74-379AF44A164C}.Debug|iPhoneSimulator.Build.0 = Debug|Any CPU
		{F59EEF4B-C4BE-461A-AF74-379AF44A164C}.Debug|x64.ActiveCfg = Debug|Any CPU
		{F59EEF4B-C4BE-461A-AF74-379AF44A164C}.Debug|x64.Build.0 = Debug|Any CPU
		{F59EEF4B-C4BE-461A-AF74-379AF44A164C}.Debug|x86.ActiveCfg = Debug|Any CPU
		{F59EEF4B-C4BE-461A-AF74-379AF44A164C}.Debug|x86.Build.0 = Debug|Any CPU
		{F59EEF4B-C4BE-461A-AF74-379AF44A164C}.Release|Any CPU.ActiveCfg = Release|Any CPU
		{F59EEF4B-C4BE-461A-AF74-379AF44A164C}.Release|Any CPU.Build.0 = Release|Any CPU
		{F59EEF4B-C4BE-461A-AF74-379AF44A164C}.Release|ARM.ActiveCfg = Release|Any CPU
		{F59EEF4B-C4BE-461A-AF74-379AF44A164C}.Release|ARM.Build.0 = Release|Any CPU
		{F59EEF4B-C4BE-461A-AF74-379AF44A164C}.Release|iPhone.ActiveCfg = Release|Any CPU
		{F59EEF4B-C4BE-461A-AF74-379AF44A164C}.Release|iPhone.Build.0 = Release|Any CPU
		{F59EEF4B-C4BE-461A-AF74-379AF44A164C}.Release|iPhoneSimulator.ActiveCfg = Release|Any CPU
		{F59EEF4B-C4BE-461A-AF74-379AF44A164C}.Release|iPhoneSimulator.Build.0 = Release|Any CPU
		{F59EEF4B-C4BE-461A-AF74-379AF44A164C}.Release|x64.ActiveCfg = Release|Any CPU
		{F59EEF4B-C4BE-461A-AF74-379AF44A164C}.Release|x64.Build.0 = Release|Any CPU
		{F59EEF4B-C4BE-461A-AF74-379AF44A164C}.Release|x86.ActiveCfg = Release|Any CPU
		{F59EEF4B-C4BE-461A-AF74-379AF44A164C}.Release|x86.Build.0 = Release|Any CPU
	EndGlobalSection
	GlobalSection(SolutionProperties) = preSolution
		HideSolutionNode = FALSE
	EndGlobalSection
	GlobalSection(NestedProjects) = preSolution
		{ABF74A60-42BC-4709-8D55-B19027A56EB1} = {4106C422-C651-4A29-8493-1D95BB5B8A97}
		{8C8C7810-DC44-4ED2-BB5A-EFD793291777} = {710CF600-A28B-4A8B-8CE2-D19D7DF23788}
		{460AB039-6265-4FDC-B03A-5F9C9ADA7A66} = {ACC1C4B6-3A4B-4E76-9F35-961EF12ABA57}
		{4D489482-8BED-4A4D-8F7F-24B74F9358BE} = {ACC1C4B6-3A4B-4E76-9F35-961EF12ABA57}
		{AE485A09-54BE-41DF-897E-68B74DB6BEF3} = {ACC1C4B6-3A4B-4E76-9F35-961EF12ABA57}
		{A640C192-8155-4BCB-A38F-3D340847DAA6} = {ACC1C4B6-3A4B-4E76-9F35-961EF12ABA57}
		{CC8C131D-EB73-4B40-8611-B8A6FB78C492} = {395999F0-F531-48B4-8DE1-E10618CE8E69}
		{F59EEF4B-C4BE-461A-AF74-379AF44A164C} = {395999F0-F531-48B4-8DE1-E10618CE8E69}
	EndGlobalSection
EndGlobal
