
Microsoft Visual Studio Solution File, Format Version 12.00
# Visual Studio 15
VisualStudioVersion = 15.0.26228.4
MinimumVisualStudioVersion = 10.0.40219.1
Project("{2150E333-8FDC-42A3-9474-1A3956D46DE8}") = "Services", "Services", "{4106C422-C651-4A29-8493-1D95BB5B8A97}"
EndProject
Project("{2150E333-8FDC-42A3-9474-1A3956D46DE8}") = "Web", "Web", "{710CF600-A28B-4A8B-8CE2-D19D7DF23788}"
EndProject
Project("{2150E333-8FDC-42A3-9474-1A3956D46DE8}") = "Mobile", "Mobile", "{395999F0-F531-48B4-8DE1-E10618CE8E69}"
EndProject
Project("{FAE04EC0-301F-11D3-BF4B-00C04F79EFBC}") = "Api", "Services\Api\Api.csproj", "{ABF74A60-42BC-4709-8D55-B19027A56EB1}"
EndProject
Project("{FAE04EC0-301F-11D3-BF4B-00C04F79EFBC}") = "Portal", "Web\Portal\Portal.csproj", "{8C8C7810-DC44-4ED2-BB5A-EFD793291777}"
EndProject
Global
	GlobalSection(SolutionConfigurationPlatforms) = preSolution
		Debug|Any CPU = Debug|Any CPU
		Release|Any CPU = Release|Any CPU
	EndGlobalSection
	GlobalSection(ProjectConfigurationPlatforms) = postSolution
		{ABF74A60-42BC-4709-8D55-B19027A56EB1}.Debug|Any CPU.ActiveCfg = Debug|Any CPU
		{ABF74A60-42BC-4709-8D55-B19027A56EB1}.Debug|Any CPU.Build.0 = Debug|Any CPU
		{ABF74A60-42BC-4709-8D55-B19027A56EB1}.Release|Any CPU.ActiveCfg = Release|Any CPU
		{ABF74A60-42BC-4709-8D55-B19027A56EB1}.Release|Any CPU.Build.0 = Release|Any CPU
		{8C8C7810-DC44-4ED2-BB5A-EFD793291777}.Debug|Any CPU.ActiveCfg = Debug|Any CPU
		{8C8C7810-DC44-4ED2-BB5A-EFD793291777}.Debug|Any CPU.Build.0 = Debug|Any CPU
		{8C8C7810-DC44-4ED2-BB5A-EFD793291777}.Release|Any CPU.ActiveCfg = Release|Any CPU
		{8C8C7810-DC44-4ED2-BB5A-EFD793291777}.Release|Any CPU.Build.0 = Release|Any CPU
	EndGlobalSection
	GlobalSection(SolutionProperties) = preSolution
		HideSolutionNode = FALSE
	EndGlobalSection
	GlobalSection(NestedProjects) = preSolution
		{ABF74A60-42BC-4709-8D55-B19027A56EB1} = {4106C422-C651-4A29-8493-1D95BB5B8A97}
		{8C8C7810-DC44-4ED2-BB5A-EFD793291777} = {710CF600-A28B-4A8B-8CE2-D19D7DF23788}
	EndGlobalSection
EndGlobal
